# This file is autogenerated, do not edit; changes may be undone by the next 'dep ensure'.


[[projects]]
  branch = "master"
  name = "github.com/docopt/docopt-go"
  packages = ["."]
  revision = "ee0de3bc6815ee19d4a46c7eb90f829db0e014b1"

[[projects]]
  branch = "master"
  name = "github.com/mattn/go-gtk"
  packages = [
    "gdk",
    "gdkpixbuf",
    "gio",
    "glib",
    "gtk",
    "pango"
  ]
  revision = "0c9f6816f4f58cfdf8e67bb015f838bd05ea27b1"

[[projects]]
  branch = "master"
  name = "github.com/mattn/go-pointer"
  packages = ["."]
  revision = "1d30dc4b6f28271a3bd126071d4d0363e618415b"

[solve-meta]
  analyzer-name = "dep"
  analyzer-version = 1
  inputs-digest = "f5a3cea0d6a078d0e7b1e5b282be876926b23feb407128f8e2dc82dbdbe787d4"
  solver-name = "gps-cdcl"
  solver-version = 1
